
Microsoft Visual Studio Solution File, Format Version 12.00
# Visual Studio Version 17
VisualStudioVersion = 17.1.32319.34
MinimumVisualStudioVersion = 10.0.40219.1
Project("{FAE04EC0-301F-11D3-BF4B-00C04F79EFBC}") = "Aplikacija_za_biblioteku", "Aplikacija_za_biblioteku.csproj", "{35A59EC3-7EF1-454C-A751-546A4AB8498D}"
EndProject
Global
	GlobalSection(SolutionConfigurationPlatforms) = preSolution
		Debug|Any CPU = Debug|Any CPU
		Release|Any CPU = Release|Any CPU
	EndGlobalSection
	GlobalSection(ProjectConfigurationPlatforms) = postSolution
		{35A59EC3-7EF1-454C-A751-546A4AB8498D}.Debug|Any CPU.ActiveCfg = Debug|Any CPU
		{35A59EC3-7EF1-454C-A751-546A4AB8498D}.Debug|Any CPU.Build.0 = Debug|Any CPU
		{35A59EC3-7EF1-454C-A751-546A4AB8498D}.Release|Any CPU.ActiveCfg = Release|Any CPU
		{35A59EC3-7EF1-454C-A751-546A4AB8498D}.Release|Any CPU.Build.0 = Release|Any CPU
	EndGlobalSection
	GlobalSection(SolutionProperties) = preSolution
		HideSolutionNode = FALSE
	EndGlobalSection
	GlobalSection(ExtensibilityGlobals) = postSolution
		SolutionGuid = {69D3E5AA-7E8C-4C50-8475-EE862437A3BC}
	EndGlobalSection
EndGlobal
